// !$*UTF8*$!
{
	archiveVersion = 1;
	classes = {
	};
	objectVersion = 50;
	objects = {

/* Begin PBXBuildFile section */
		F29BB15C24ECE116007EF43C /* AppDelegate.swift in Sources */ = {isa = PBXBuildFile; fileRef = F29BB15B24ECE116007EF43C /* AppDelegate.swift */; };
		F29BB15E24ECE116007EF43C /* SceneDelegate.swift in Sources */ = {isa = PBXBuildFile; fileRef = F29BB15D24ECE116007EF43C /* SceneDelegate.swift */; };
		F29BB16024ECE116007EF43C /* ContentView.swift in Sources */ = {isa = PBXBuildFile; fileRef = F29BB15F24ECE116007EF43C /* ContentView.swift */; };
		F29BB16224ECE119007EF43C /* Assets.xcassets in Resources */ = {isa = PBXBuildFile; fileRef = F29BB16124ECE119007EF43C /* Assets.xcassets */; };
		F29BB16524ECE119007EF43C /* Preview Assets.xcassets in Resources */ = {isa = PBXBuildFile; fileRef = F29BB16424ECE119007EF43C /* Preview Assets.xcassets */; };
		F29BB16824ECE119007EF43C /* LaunchScreen.storyboard in Resources */ = {isa = PBXBuildFile; fileRef = F29BB16624ECE119007EF43C /* LaunchScreen.storyboard */; };
		F29BB17024ECE5A8007EF43C /* MyFilteredList.swift in Sources */ = {isa = PBXBuildFile; fileRef = F29BB16F24ECE5A8007EF43C /* MyFilteredList.swift */; };
/* End PBXBuildFile section */

/* Begin PBXFileReference section */
		F29BB15824ECE116007EF43C /* Picker_swiftui_tutorial.app */ = {isa = PBXFileReference; explicitFileType = wrapper.application; includeInIndex = 0; path = Picker_swiftui_tutorial.app; sourceTree = BUILT_PRODUCTS_DIR; };
		F29BB15B24ECE116007EF43C /* AppDelegate.swift */ = {isa = PBXFileReference; lastKnownFileType = sourcecode.swift; path = AppDelegate.swift; sourceTree = "<group>"; };
		F29BB15D24ECE116007EF43C /* SceneDelegate.swift */ = {isa = PBXFileReference; lastKnownFileType = sourcecode.swift; path = SceneDelegate.swift; sourceTree = "<group>"; };
		F29BB15F24ECE116007EF43C /* ContentView.swift */ = {isa = PBXFileReference; lastKnownFileType = sourcecode.swift; path = ContentView.swift; sourceTree = "<group>"; };
		F29BB16124ECE119007EF43C /* Assets.xcassets */ = {isa = PBXFileReference; lastKnownFileType = folder.assetcatalog; path = Assets.xcassets; sourceTree = "<group>"; };
		F29BB16424ECE119007EF43C /* Preview Assets.xcassets */ = {isa = PBXFileReference; lastKnownFileType = folder.assetcatalog; path = "Preview Assets.xcassets"; sourceTree = "<group>"; };
		F29BB16724ECE119007EF43C /* Base */ = {isa = PBXFileReference; lastKnownFileType = file.storyboard; name = Base; path = Base.lproj/LaunchScreen.storyboard; sourceTree = "<group>"; };
		F29BB16924ECE119007EF43C /* Info.plist */ = {isa = PBXFileReference; lastKnownFileType = text.plist.xml; path = Info.plist; sourceTree = "<group>"; };
		F29BB16F24ECE5A8007EF43C /* MyFilteredList.swift */ = {isa = PBXFileReference; lastKnownFileType = sourcecode.swift; path = MyFilteredList.swift; sourceTree = "<group>"; };
/* End PBXFileReference section */

/* Begin PBXFrameworksBuildPhase section */
		F29BB15524ECE116007EF43C /* Frameworks */ = {
			isa = PBXFrameworksBuildPhase;
			buildActionMask = 2147483647;
			files = (
			);
			runOnlyForDeploymentPostprocessing = 0;
		};
/* End PBXFrameworksBuildPhase section */

/* Begin PBXGroup section */
		F29BB14F24ECE116007EF43C = {
			isa = PBXGroup;
			children = (
				F29BB15A24ECE116007EF43C /* Picker_swiftui_tutorial */,
				F29BB15924ECE116007EF43C /* Products */,
			);
			sourceTree = "<group>";
		};
		F29BB15924ECE116007EF43C /* Products */ = {
			isa = PBXGroup;
			children = (
				F29BB15824ECE116007EF43C /* Picker_swiftui_tutorial.app */,
			);
			name = Products;
			sourceTree = "<group>";
		};
		F29BB15A24ECE116007EF43C /* Picker_swiftui_tutorial */ = {
			isa = PBXGroup;
			children = (
				F29BB15B24ECE116007EF43C /* AppDelegate.swift */,
				F29BB15D24ECE116007EF43C /* SceneDelegate.swift */,
				F29BB15F24ECE116007EF43C /* ContentView.swift */,
				F29BB16F24ECE5A8007EF43C /* MyFilteredList.swift */,
				F29BB16124ECE119007EF43C /* Assets.xcassets */,
				F29BB16624ECE119007EF43C /* LaunchScreen.storyboard */,
				F29BB16924ECE119007EF43C /* Info.plist */,
				F29BB16324ECE119007EF43C /* Preview Content */,
			);
			path = Picker_swiftui_tutorial;
			sourceTree = "<group>";
		};
		F29BB16324ECE119007EF43C /* Preview Content */ = {
			isa = PBXGroup;
			children = (
				F29BB16424ECE119007EF43C /* Preview Assets.xcassets */,
			);
			path = "Preview Content";
			sourceTree = "<group>";
		};
/* End PBXGroup section */

/* Begin PBXNativeTarget section */
		F29BB15724ECE116007EF43C /* Picker_swiftui_tutorial */ = {
			isa = PBXNativeTarget;
			buildConfigurationList = F29BB16C24ECE119007EF43C /* Build configuration list for PBXNativeTarget "Picker_swiftui_tutorial" */;
			buildPhases = (
				F29BB15424ECE116007EF43C /* Sources */,
				F29BB15524ECE116007EF43C /* Frameworks */,
				F29BB15624ECE116007EF43C /* Resources */,
			);
			buildRules = (
			);
			dependencies = (
			);
			name = Picker_swiftui_tutorial;
			productName = Picker_swiftui_tutorial;
			productReference = F29BB15824ECE116007EF43C /* Picker_swiftui_tutorial.app */;
			productType = "com.apple.product-type.application";
		};
/* End PBXNativeTarget section */

/* Begin PBXProject section */
		F29BB15024ECE116007EF43C /* Project object */ = {
			isa = PBXProject;
			attributes = {
				LastSwiftUpdateCheck = 1160;
				LastUpgradeCheck = 1160;
				ORGANIZATIONNAME = Tuentuenna;
				TargetAttributes = {
					F29BB15724ECE116007EF43C = {
						CreatedOnToolsVersion = 11.6;
					};
				};
			};
			buildConfigurationList = F29BB15324ECE116007EF43C /* Build configuration list for PBXProject "Picker_swiftui_tutorial" */;
			compatibilityVersion = "Xcode 9.3";
			developmentRegion = en;
			hasScannedForEncodings = 0;
			knownRegions = (
				en,
				Base,
			);
			mainGroup = F29BB14F24ECE116007EF43C;
			productRefGroup = F29BB15924ECE116007EF43C /* Products */;
			projectDirPath = "";
			projectRoot = "";
			targets = (
				F29BB15724ECE116007EF43C /* Picker_swiftui_tutorial */,
			);
		};
/* End PBXProject section */

/* Begin PBXResourcesBuildPhase section */
		F29BB15624ECE116007EF43C /* Resources */ = {
			isa = PBXResourcesBuildPhase;
			buildActionMask = 2147483647;
			files = (
				F29BB16824ECE119007EF43C /* LaunchScreen.storyboard in Resources */,
				F29BB16524ECE119007EF43C /* Preview Assets.xcassets in Resources */,
				F29BB16224ECE119007EF43C /* Assets.xcassets in Resources */,
			);
			runOnlyForDeploymentPostprocessing = 0;
		};
/* End PBXResourcesBuildPhase section */

/* Begin PBXSourcesBuildPhase section */
		F29BB15424ECE116007EF43C /* Sources */ = {
			isa = PBXSourcesBuildPhase;
			buildActionMask = 2147483647;
			files = (
				F29BB17024ECE5A8007EF43C /* MyFilteredList.swift in Sources */,
				F29BB15C24ECE116007EF43C /* AppDelegate.swift in Sources */,
				F29BB15E24ECE116007EF43C /* SceneDelegate.swift in Sources */,
				F29BB16024ECE116007EF43C /* ContentView.swift in Sources */,
			);
			runOnlyForDeploymentPostprocessing = 0;
		};
/* End PBXSourcesBuildPhase section */

/* Begin PBXVariantGroup section */
		F29BB16624ECE119007EF43C /* LaunchScreen.storyboard */ = {
			isa = PBXVariantGroup;
			children = (
				F29BB16724ECE119007EF43C /* Base */,
			);
			name = LaunchScreen.storyboard;
			sourceTree = "<group>";
		};
/* End PBXVariantGroup section */

/* Begin XCBuildConfiguration section */
		F29BB16A24ECE119007EF43C /* Debug */ = {
			isa = XCBuildConfiguration;
			buildSettings = {
				ALWAYS_SEARCH_USER_PATHS = NO;
				CLANG_ANALYZER_NONNULL = YES;
				CLANG_ANALYZER_NUMBER_OBJECT_CONVERSION = YES_AGGRESSIVE;
				CLANG_CXX_LANGUAGE_STANDARD = "gnu++14";
				CLANG_CXX_LIBRARY = "libc++";
				CLANG_ENABLE_MODULES = YES;
				CLANG_ENABLE_OBJC_ARC = YES;
				CLANG_ENABLE_OBJC_WEAK = YES;
				CLANG_WARN_BLOCK_CAPTURE_AUTORELEASING = YES;
				CLANG_WARN_BOOL_CONVERSION = YES;
				CLANG_WARN_COMMA = YES;
				CLANG_WARN_CONSTANT_CONVERSION = YES;
				CLANG_WARN_DEPRECATED_OBJC_IMPLEMENTATIONS = YES;
				CLANG_WARN_DIRECT_OBJC_ISA_USAGE = YES_ERROR;
				CLANG_WARN_DOCUMENTATION_COMMENTS = YES;
				CLANG_WARN_EMPTY_BODY = YES;
				CLANG_WARN_ENUM_CONVERSION = YES;
				CLANG_WARN_INFINITE_RECURSION = YES;
				CLANG_WARN_INT_CONVERSION = YES;
				CLANG_WARN_NON_LITERAL_NULL_CONVERSION = YES;
				CLANG_WARN_OBJC_IMPLICIT_RETAIN_SELF = YES;
				CLANG_WARN_OBJC_LITERAL_CONVERSION = YES;
				CLANG_WARN_OBJC_ROOT_CLASS = YES_ERROR;
				CLANG_WARN_RANGE_LOOP_ANALYSIS = YES;
				CLANG_WARN_STRICT_PROTOTYPES = YES;
				CLANG_WARN_SUSPICIOUS_MOVE = YES;
				CLANG_WARN_UNGUARDED_AVAILABILITY = YES_AGGRESSIVE;
				CLANG_WARN_UNREACHABLE_CODE = YES;
				CLANG_WARN__DUPLICATE_METHOD_MATCH = YES;
				COPY_PHASE_STRIP = NO;
				DEBUG_INFORMATION_FORMAT = dwarf;
				ENABLE_STRICT_OBJC_MSGSEND = YES;
				ENABLE_TESTABILITY = YES;
				GCC_C_LANGUAGE_STANDARD = gnu11;
				GCC_DYNAMIC_NO_PIC = NO;
				GCC_NO_COMMON_BLOCKS = YES;
				GCC_OPTIMIZATION_LEVEL = 0;
				GCC_PREPROCESSOR_DEFINITIONS = (
					"DEBUG=1",
					"$(inherited)",
				);
				GCC_WARN_64_TO_32_BIT_CONVERSION = YES;
				GCC_WARN_ABOUT_RETURN_TYPE = YES_ERROR;
				GCC_WARN_UNDECLARED_SELECTOR = YES;
				GCC_WARN_UNINITIALIZED_AUTOS = YES_AGGRESSIVE;
				GCC_WARN_UNUSED_FUNCTION = YES;
				GCC_WARN_UNUSED_VARIABLE = YES;
				IPHONEOS_DEPLOYMENT_TARGET = 13.6;
				MTL_ENABLE_DEBUG_INFO = INCLUDE_SOURCE;
				MTL_FAST_MATH = YES;
				ONLY_ACTIVE_ARCH = YES;
				SDKROOT = iphoneos;
				SWIFT_ACTIVE_COMPILATION_CONDITIONS = DEBUG;
				SWIFT_OPTIMIZATION_LEVEL = "-Onone";
			};
			name = Debug;
		};
		F29BB16B24ECE119007EF43C /* Release */ = {
			isa = XCBuildConfiguration;
			buildSettings = {
				ALWAYS_SEARCH_USER_PATHS = NO;
				CLANG_ANALYZER_NONNULL = YES;
				CLANG_ANALYZER_NUMBER_OBJECT_CONVERSION = YES_AGGRESSIVE;
				CLANG_CXX_LANGUAGE_STANDARD = "gnu++14";
				CLANG_CXX_LIBRARY = "libc++";
				CLANG_ENABLE_MODULES = YES;
				CLANG_ENABLE_OBJC_ARC = YES;
				CLANG_ENABLE_OBJC_WEAK = YES;
				CLANG_WARN_BLOCK_CAPTURE_AUTORELEASING = YES;
				CLANG_WARN_BOOL_CONVERSION = YES;
				CLANG_WARN_COMMA = YES;
				CLANG_WARN_CONSTANT_CONVERSION = YES;
				CLANG_WARN_DEPRECATED_OBJC_IMPLEMENTATIONS = YES;
				CLANG_WARN_DIRECT_OBJC_ISA_USAGE = YES_ERROR;
				CLANG_WARN_DOCUMENTATION_COMMENTS = YES;
				CLANG_WARN_EMPTY_BODY = YES;
				CLANG_WARN_ENUM_CONVERSION = YES;
				CLANG_WARN_INFINITE_RECURSION = YES;
				CLANG_WARN_INT_CONVERSION = YES;
				CLANG_WARN_NON_LITERAL_NULL_CONVERSION = YES;
				CLANG_WARN_OBJC_IMPLICIT_RETAIN_SELF = YES;
				CLANG_WARN_OBJC_LITERAL_CONVERSION = YES;
				CLANG_WARN_OBJC_ROOT_CLASS = YES_ERROR;
				CLANG_WARN_RANGE_LOOP_ANALYSIS = YES;
				CLANG_WARN_STRICT_PROTOTYPES = YES;
				CLANG_WARN_SUSPICIOUS_MOVE = YES;
				CLANG_WARN_UNGUARDED_AVAILABILITY = YES_AGGRESSIVE;
				CLANG_WARN_UNREACHABLE_CODE = YES;
				CLANG_WARN__DUPLICATE_METHOD_MATCH = YES;
				COPY_PHASE_STRIP = NO;
				DEBUG_INFORMATION_FORMAT = "dwarf-with-dsym";
				ENABLE_NS_ASSERTIONS = NO;
				ENABLE_STRICT_OBJC_MSGSEND = YES;
				GCC_C_LANGUAGE_STANDARD = gnu11;
				GCC_NO_COMMON_BLOCKS = YES;
				GCC_WARN_64_TO_32_BIT_CONVERSION = YES;
				GCC_WARN_ABOUT_RETURN_TYPE = YES_ERROR;
				GCC_WARN_UNDECLARED_SELECTOR = YES;
				GCC_WARN_UNINITIALIZED_AUTOS = YES_AGGRESSIVE;
				GCC_WARN_UNUSED_FUNCTION = YES;
				GCC_WARN_UNUSED_VARIABLE = YES;
				IPHONEOS_DEPLOYMENT_TARGET = 13.6;
				MTL_ENABLE_DEBUG_INFO = NO;
				MTL_FAST_MATH = YES;
				SDKROOT = iphoneos;
				SWIFT_COMPILATION_MODE = wholemodule;
				SWIFT_OPTIMIZATION_LEVEL = "-O";
				VALIDATE_PRODUCT = YES;
			};
			name = Release;
		};
		F29BB16D24ECE119007EF43C /* Debug */ = {
			isa = XCBuildConfiguration;
			buildSettings = {
				ASSETCATALOG_COMPILER_APPICON_NAME = AppIcon;
				CODE_SIGN_STYLE = Automatic;
				DEVELOPMENT_ASSET_PATHS = "\"Picker_swiftui_tutorial/Preview Content\"";
				DEVELOPMENT_TEAM = 67XDG42679;
				ENABLE_PREVIEWS = YES;
				INFOPLIST_FILE = Picker_swiftui_tutorial/Info.plist;
				LD_RUNPATH_SEARCH_PATHS = (
					"$(inherited)",
					"@executable_path/Frameworks",
				);
				PRODUCT_BUNDLE_IDENTIFIER = "com.tuentuenna.Picker-swiftui-tutorial";
				PRODUCT_NAME = "$(TARGET_NAME)";
				SWIFT_VERSION = 5.0;
				TARGETED_DEVICE_FAMILY = "1,2";
			};
			name = Debug;
		};
		F29BB16E24ECE119007EF43C /* Release */ = {
			isa = XCBuildConfiguration;
			buildSettings = {
				ASSETCATALOG_COMPILER_APPICON_NAME = AppIcon;
				CODE_SIGN_STYLE = Automatic;
				DEVELOPMENT_ASSET_PATHS = "\"Picker_swiftui_tutorial/Preview Content\"";
				DEVELOPMENT_TEAM = 67XDG42679;
				ENABLE_PREVIEWS = YES;
				INFOPLIST_FILE = Picker_swiftui_tutorial/Info.plist;
				LD_RUNPATH_SEARCH_PATHS = (
					"$(inherited)",
					"@executable_path/Frameworks",
				);
				PRODUCT_BUNDLE_IDENTIFIER = "com.tuentuenna.Picker-swiftui-tutorial";
				PRODUCT_NAME = "$(TARGET_NAME)";
				SWIFT_VERSION = 5.0;
				TARGETED_DEVICE_FAMILY = "1,2";
			};
			name = Release;
		};
/* End XCBuildConfiguration section */

/* Begin XCConfigurationList section */
		F29BB15324ECE116007EF43C /* Build configuration list for PBXProject "Picker_swiftui_tutorial" */ = {
			isa = XCConfigurationList;
			buildConfigurations = (
				F29BB16A24ECE119007EF43C /* Debug */,
				F29BB16B24ECE119007EF43C /* Release */,
			);
			defaultConfigurationIsVisible = 0;
			defaultConfigurationName = Release;
		};
		F29BB16C24ECE119007EF43C /* Build configuration list for PBXNativeTarget "Picker_swiftui_tutorial" */ = {
			isa = XCConfigurationList;
			buildConfigurations = (
				F29BB16D24ECE119007EF43C /* Debug */,
				F29BB16E24ECE119007EF43C /* Release */,
			);
			defaultConfigurationIsVisible = 0;
			defaultConfigurationName = Release;
		};
/* End XCConfigurationList section */
	};
	rootObject = F29BB15024ECE116007EF43C /* Project object */;
}
